
Microsoft Visual Studio Solution File, Format Version 12.00
# Visual Studio Version 17
VisualStudioVersion = 17.9.34622.214
MinimumVisualStudioVersion = 10.0.40219.1
Project("{FAE04EC0-301F-11D3-BF4B-00C04F79EFBC}") = "Jawir", "Jawir\Jawir.csproj", "{D7BEA3AA-39D3-4A20-AB38-656B41341DE2}"
EndProject
Global
	GlobalSection(SolutionConfigurationPlatforms) = preSolution
		Debug|Any CPU = Debug|Any CPU
		Release|Any CPU = Release|Any CPU
	EndGlobalSection
	GlobalSection(ProjectConfigurationPlatforms) = postSolution
		{D7BEA3AA-39D3-4A20-AB38-656B41341DE2}.Debug|Any CPU.ActiveCfg = Debug|Any CPU
		{D7BEA3AA-39D3-4A20-AB38-656B41341DE2}.Debug|Any CPU.Build.0 = Debug|Any CPU
		{D7BEA3AA-39D3-4A20-AB38-656B41341DE2}.Release|Any CPU.ActiveCfg = Release|Any CPU
		{D7BEA3AA-39D3-4A20-AB38-656B41341DE2}.Release|Any CPU.Build.0 = Release|Any CPU
	EndGlobalSection
	GlobalSection(SolutionProperties) = preSolution
		HideSolutionNode = FALSE
	EndGlobalSection
	GlobalSection(ExtensibilityGlobals) = postSolution
		SolutionGuid = {B9F5FB71-9A05-47B1-A99B-4946B0FAAEE9}
	EndGlobalSection
EndGlobal
